
Microsoft Visual Studio Solution File, Format Version 12.00
# Visual Studio Version 17
VisualStudioVersion = 17.8.34525.116
MinimumVisualStudioVersion = 10.0.40219.1
Project("{FAE04EC0-301F-11D3-BF4B-00C04F79EFBC}") = "Kursova_rabota_YS", "Kursova_rabota_YS\Kursova_rabota_YS.csproj", "{4DB26BCD-5885-4B95-BEF3-623C98FD1560}"
EndProject
Global
	GlobalSection(SolutionConfigurationPlatforms) = preSolution
		Debug|Any CPU = Debug|Any CPU
		Release|Any CPU = Release|Any CPU
	EndGlobalSection
	GlobalSection(ProjectConfigurationPlatforms) = postSolution
		{4DB26BCD-5885-4B95-BEF3-623C98FD1560}.Debug|Any CPU.ActiveCfg = Debug|Any CPU
		{4DB26BCD-5885-4B95-BEF3-623C98FD1560}.Debug|Any CPU.Build.0 = Debug|Any CPU
		{4DB26BCD-5885-4B95-BEF3-623C98FD1560}.Release|Any CPU.ActiveCfg = Release|Any CPU
		{4DB26BCD-5885-4B95-BEF3-623C98FD1560}.Release|Any CPU.Build.0 = Release|Any CPU
	EndGlobalSection
	GlobalSection(SolutionProperties) = preSolution
		HideSolutionNode = FALSE
	EndGlobalSection
	GlobalSection(ExtensibilityGlobals) = postSolution
		SolutionGuid = {0A5E2602-B4F7-4AF0-AC71-252F0242499B}
	EndGlobalSection
EndGlobal
